apiVersion: sourceplane.io/v1alpha1
kind: CompositionLock
sources:
    - name: platform-core
      kind: dir
      path: ./packages/platform-core
      resolvedDigest: sha256:3455d1b4d8cd9a903e6fe301ba1b7fefd91287877e7643c959bc26eb747dda52
      exports:
        - charts
        - helm
        - helmCommon
        - terraform
